// !$*UTF8*$!
{
	archiveVersion = 1;
	classes = {
	};
	objectVersion = 50;
	objects = {

/* Begin PBXBuildFile section */
		9E0CF33F25FD8D9200699170 /* StatusBarController.swift in Sources */ = {isa = PBXBuildFile; fileRef = 9E0CF33E25FD8D9200699170 /* StatusBarController.swift */; };
		9E0CF34425FD953600699170 /* NSImage+Library.swift in Sources */ = {isa = PBXBuildFile; fileRef = 9E0CF34325FD953600699170 /* NSImage+Library.swift */; };
		9E0CF34725FD98C000699170 /* NSSize+Extensions.swift in Sources */ = {isa = PBXBuildFile; fileRef = 9E0CF34625FD98C000699170 /* NSSize+Extensions.swift */; };
		9E0CF34A25FD99D700699170 /* NSEventPublisher.swift in Sources */ = {isa = PBXBuildFile; fileRef = 9E0CF34925FD99D700699170 /* NSEventPublisher.swift */; };
		9E41946F24037EF2003B5E87 /* PositionIndicatorView.swift in Sources */ = {isa = PBXBuildFile; fileRef = 9E41946E24037EF2003B5E87 /* PositionIndicatorView.swift */; };
		9E4511C32401E6160000E7E0 /* AppDelegate.swift in Sources */ = {isa = PBXBuildFile; fileRef = 9E4511C22401E6160000E7E0 /* AppDelegate.swift */; };
		9E4511C52401E6160000E7E0 /* PreferencesView.swift in Sources */ = {isa = PBXBuildFile; fileRef = 9E4511C42401E6160000E7E0 /* PreferencesView.swift */; };
		9E4511C72401E61A0000E7E0 /* Assets.xcassets in Resources */ = {isa = PBXBuildFile; fileRef = 9E4511C62401E61A0000E7E0 /* Assets.xcassets */; };
		9E4511CA2401E61A0000E7E0 /* Preview Assets.xcassets in Resources */ = {isa = PBXBuildFile; fileRef = 9E4511C92401E61A0000E7E0 /* Preview Assets.xcassets */; };
		9E4511CD2401E61A0000E7E0 /* Main.storyboard in Resources */ = {isa = PBXBuildFile; fileRef = 9E4511CB2401E61A0000E7E0 /* Main.storyboard */; };
		9E4511D92401F3960000E7E0 /* BrightnessSliderView.swift in Sources */ = {isa = PBXBuildFile; fileRef = 9E4511D82401F3960000E7E0 /* BrightnessSliderView.swift */; };
		9E4511DC2402026A0000E7E0 /* UserData.swift in Sources */ = {isa = PBXBuildFile; fileRef = 9E4511DB2402026A0000E7E0 /* UserData.swift */; };
		9E4511E22402117F0000E7E0 /* UserDefaults+Extensions.swift in Sources */ = {isa = PBXBuildFile; fileRef = 9E4511E12402117F0000E7E0 /* UserDefaults+Extensions.swift */; };
		9EC555D025FC56F200AFC0BA /* .swiftlint.yml in Resources */ = {isa = PBXBuildFile; fileRef = 9EC555CF25FC56F200AFC0BA /* .swiftlint.yml */; };
		9EE3E33B25FC64D70063BAFF /* CodableUserDefaultProperty.swift in Sources */ = {isa = PBXBuildFile; fileRef = 9EE3E33A25FC64D70063BAFF /* CodableUserDefaultProperty.swift */; };
/* End PBXBuildFile section */

/* Begin PBXFileReference section */
		9E0CF33E25FD8D9200699170 /* StatusBarController.swift */ = {isa = PBXFileReference; lastKnownFileType = sourcecode.swift; path = StatusBarController.swift; sourceTree = "<group>"; };
		9E0CF34325FD953600699170 /* NSImage+Library.swift */ = {isa = PBXFileReference; lastKnownFileType = sourcecode.swift; path = "NSImage+Library.swift"; sourceTree = "<group>"; };
		9E0CF34625FD98C000699170 /* NSSize+Extensions.swift */ = {isa = PBXFileReference; lastKnownFileType = sourcecode.swift; path = "NSSize+Extensions.swift"; sourceTree = "<group>"; };
		9E0CF34925FD99D700699170 /* NSEventPublisher.swift */ = {isa = PBXFileReference; lastKnownFileType = sourcecode.swift; path = NSEventPublisher.swift; sourceTree = "<group>"; };
		9E41946E24037EF2003B5E87 /* PositionIndicatorView.swift */ = {isa = PBXFileReference; lastKnownFileType = sourcecode.swift; path = PositionIndicatorView.swift; sourceTree = "<group>"; };
		9E4511BF2401E6160000E7E0 /* Transitions.app */ = {isa = PBXFileReference; explicitFileType = wrapper.application; includeInIndex = 0; path = Transitions.app; sourceTree = BUILT_PRODUCTS_DIR; };
		9E4511C22401E6160000E7E0 /* AppDelegate.swift */ = {isa = PBXFileReference; lastKnownFileType = sourcecode.swift; path = AppDelegate.swift; sourceTree = "<group>"; };
		9E4511C42401E6160000E7E0 /* PreferencesView.swift */ = {isa = PBXFileReference; lastKnownFileType = sourcecode.swift; path = PreferencesView.swift; sourceTree = "<group>"; };
		9E4511C62401E61A0000E7E0 /* Assets.xcassets */ = {isa = PBXFileReference; lastKnownFileType = folder.assetcatalog; path = Assets.xcassets; sourceTree = "<group>"; };
		9E4511C92401E61A0000E7E0 /* Preview Assets.xcassets */ = {isa = PBXFileReference; lastKnownFileType = folder.assetcatalog; path = "Preview Assets.xcassets"; sourceTree = "<group>"; };
		9E4511CC2401E61A0000E7E0 /* Base */ = {isa = PBXFileReference; lastKnownFileType = file.storyboard; name = Base; path = Base.lproj/Main.storyboard; sourceTree = "<group>"; };
		9E4511CE2401E61A0000E7E0 /* Info.plist */ = {isa = PBXFileReference; lastKnownFileType = text.plist.xml; path = Info.plist; sourceTree = "<group>"; };
		9E4511CF2401E61A0000E7E0 /* Transitions.entitlements */ = {isa = PBXFileReference; lastKnownFileType = text.plist.entitlements; path = Transitions.entitlements; sourceTree = "<group>"; };
		9E4511D82401F3960000E7E0 /* BrightnessSliderView.swift */ = {isa = PBXFileReference; lastKnownFileType = sourcecode.swift; path = BrightnessSliderView.swift; sourceTree = "<group>"; };
		9E4511DB2402026A0000E7E0 /* UserData.swift */ = {isa = PBXFileReference; lastKnownFileType = sourcecode.swift; path = UserData.swift; sourceTree = "<group>"; };
		9E4511E12402117F0000E7E0 /* UserDefaults+Extensions.swift */ = {isa = PBXFileReference; lastKnownFileType = sourcecode.swift; path = "UserDefaults+Extensions.swift"; sourceTree = "<group>"; };
		9EC555CA25FC559E00AFC0BA /* Package.swift */ = {isa = PBXFileReference; lastKnownFileType = sourcecode.swift; path = Package.swift; sourceTree = "<group>"; };
		9EC555CF25FC56F200AFC0BA /* .swiftlint.yml */ = {isa = PBXFileReference; fileEncoding = 4; lastKnownFileType = text.yaml; path = .swiftlint.yml; sourceTree = "<group>"; };
		9EE3E33A25FC64D70063BAFF /* CodableUserDefaultProperty.swift */ = {isa = PBXFileReference; lastKnownFileType = sourcecode.swift; path = CodableUserDefaultProperty.swift; sourceTree = "<group>"; };
/* End PBXFileReference section */

/* Begin PBXFrameworksBuildPhase section */
		9E4511BC2401E6160000E7E0 /* Frameworks */ = {
			isa = PBXFrameworksBuildPhase;
			buildActionMask = 2147483647;
			files = (
			);
			runOnlyForDeploymentPostprocessing = 0;
		};
/* End PBXFrameworksBuildPhase section */

/* Begin PBXGroup section */
		9E0CF33D25FD8D6500699170 /* Controllers */ = {
			isa = PBXGroup;
			children = (
				9E0CF33E25FD8D9200699170 /* StatusBarController.swift */,
			);
			path = Controllers;
			sourceTree = "<group>";
		};
		9E4511B62401E6160000E7E0 = {
			isa = PBXGroup;
			children = (
				9E4511C12401E6160000E7E0 /* Transitions */,
				9EC555D225FC587F00AFC0BA /* BuildTools */,
				9E4511C02401E6160000E7E0 /* Products */,
			);
			sourceTree = "<group>";
		};
		9E4511C02401E6160000E7E0 /* Products */ = {
			isa = PBXGroup;
			children = (
				9E4511BF2401E6160000E7E0 /* Transitions.app */,
			);
			name = Products;
			sourceTree = "<group>";
		};
		9E4511C12401E6160000E7E0 /* Transitions */ = {
			isa = PBXGroup;
			children = (
				9E4511CF2401E61A0000E7E0 /* Transitions.entitlements */,
				9E4511CE2401E61A0000E7E0 /* Info.plist */,
				9E4511C22401E6160000E7E0 /* AppDelegate.swift */,
				9E4511C62401E61A0000E7E0 /* Assets.xcassets */,
				9E4511CB2401E61A0000E7E0 /* Main.storyboard */,
				9E4511E02402116C0000E7E0 /* Extensions */,
				9EE3E33525FC640B0063BAFF /* Models */,
				9EE3E33625FC641D0063BAFF /* Views */,
				9E0CF33D25FD8D6500699170 /* Controllers */,
				9EE3E33925FC64BE0063BAFF /* Utilities */,
				9E4511C82401E61A0000E7E0 /* Preview Content */,
			);
			path = Transitions;
			sourceTree = "<group>";
		};
		9E4511C82401E61A0000E7E0 /* Preview Content */ = {
			isa = PBXGroup;
			children = (
				9E4511C92401E61A0000E7E0 /* Preview Assets.xcassets */,
			);
			path = "Preview Content";
			sourceTree = "<group>";
		};
		9E4511D52401E9600000E7E0 /* Preferences */ = {
			isa = PBXGroup;
			children = (
				9E4511C42401E6160000E7E0 /* PreferencesView.swift */,
			);
			path = Preferences;
			sourceTree = "<group>";
		};
		9E4511E02402116C0000E7E0 /* Extensions */ = {
			isa = PBXGroup;
			children = (
				9E4511E12402117F0000E7E0 /* UserDefaults+Extensions.swift */,
				9E0CF34325FD953600699170 /* NSImage+Library.swift */,
				9E0CF34625FD98C000699170 /* NSSize+Extensions.swift */,
			);
			path = Extensions;
			sourceTree = "<group>";
		};
		9EC555D225FC587F00AFC0BA /* BuildTools */ = {
			isa = PBXGroup;
			children = (
				9EC555CF25FC56F200AFC0BA /* .swiftlint.yml */,
				9EC555CA25FC559E00AFC0BA /* Package.swift */,
			);
			path = BuildTools;
			sourceTree = "<group>";
		};
		9EE3E33525FC640B0063BAFF /* Models */ = {
			isa = PBXGroup;
			children = (
				9E4511DB2402026A0000E7E0 /* UserData.swift */,
			);
			path = Models;
			sourceTree = "<group>";
		};
		9EE3E33625FC641D0063BAFF /* Views */ = {
			isa = PBXGroup;
			children = (
				9EE3E33725FC64370063BAFF /* Helpers */,
				9E4511D52401E9600000E7E0 /* Preferences */,
			);
			path = Views;
			sourceTree = "<group>";
		};
		9EE3E33725FC64370063BAFF /* Helpers */ = {
			isa = PBXGroup;
			children = (
				9E41946E24037EF2003B5E87 /* PositionIndicatorView.swift */,
				9E4511D82401F3960000E7E0 /* BrightnessSliderView.swift */,
			);
			path = Helpers;
			sourceTree = "<group>";
		};
		9EE3E33925FC64BE0063BAFF /* Utilities */ = {
			isa = PBXGroup;
			children = (
				9EE3E33A25FC64D70063BAFF /* CodableUserDefaultProperty.swift */,
				9E0CF34925FD99D700699170 /* NSEventPublisher.swift */,
			);
			path = Utilities;
			sourceTree = "<group>";
		};
/* End PBXGroup section */

/* Begin PBXNativeTarget section */
		9E4511BE2401E6160000E7E0 /* Transitions */ = {
			isa = PBXNativeTarget;
			buildConfigurationList = 9E4511D22401E61A0000E7E0 /* Build configuration list for PBXNativeTarget "Transitions" */;
			buildPhases = (
				9EC148952403392900EBC6D2 /* ShellScript */,
				9E4511BB2401E6160000E7E0 /* Sources */,
				9E4511BC2401E6160000E7E0 /* Frameworks */,
				9E4511BD2401E6160000E7E0 /* Resources */,
			);
			buildRules = (
			);
			dependencies = (
				9EC148942403392600EBC6D2 /* PBXTargetDependency */,
			);
			name = Transitions;
			productName = DarkModeBuddy;
			productReference = 9E4511BF2401E6160000E7E0 /* Transitions.app */;
			productType = "com.apple.product-type.application";
		};
/* End PBXNativeTarget section */

/* Begin PBXProject section */
		9E4511B72401E6160000E7E0 /* Project object */ = {
			isa = PBXProject;
			attributes = {
				LastSwiftUpdateCheck = 1130;
				LastUpgradeCheck = 1240;
				ORGANIZATIONNAME = "Sebastian Wild";
				TargetAttributes = {
					9E4511BE2401E6160000E7E0 = {
						CreatedOnToolsVersion = 11.3.1;
					};
				};
			};
			buildConfigurationList = 9E4511BA2401E6160000E7E0 /* Build configuration list for PBXProject "Transitions" */;
			compatibilityVersion = "Xcode 9.3";
			developmentRegion = en;
			hasScannedForEncodings = 0;
			knownRegions = (
				en,
				Base,
			);
			mainGroup = 9E4511B62401E6160000E7E0;
			packageReferences = (
			);
			productRefGroup = 9E4511C02401E6160000E7E0 /* Products */;
			projectDirPath = "";
			projectRoot = "";
			targets = (
				9E4511BE2401E6160000E7E0 /* Transitions */,
			);
		};
/* End PBXProject section */

/* Begin PBXResourcesBuildPhase section */
		9E4511BD2401E6160000E7E0 /* Resources */ = {
			isa = PBXResourcesBuildPhase;
			buildActionMask = 2147483647;
			files = (
				9EC555D025FC56F200AFC0BA /* .swiftlint.yml in Resources */,
				9E4511CD2401E61A0000E7E0 /* Main.storyboard in Resources */,
				9E4511CA2401E61A0000E7E0 /* Preview Assets.xcassets in Resources */,
				9E4511C72401E61A0000E7E0 /* Assets.xcassets in Resources */,
			);
			runOnlyForDeploymentPostprocessing = 0;
		};
/* End PBXResourcesBuildPhase section */

/* Begin PBXShellScriptBuildPhase section */
		9EC148952403392900EBC6D2 /* ShellScript */ = {
			isa = PBXShellScriptBuildPhase;
			buildActionMask = 2147483647;
			files = (
			);
			inputFileListPaths = (
			);
			inputPaths = (
			);
			outputFileListPaths = (
			);
			outputPaths = (
			);
			runOnlyForDeploymentPostprocessing = 0;
			shellPath = /bin/sh;
			shellScript = "cd BuildTools\n\n# Run SwiftLint\n# Need to set SDKROOT b/c otherwise it would be set to iphoneos, SwiftLint is a macOS CLI tool\nSDKROOT=macosx\n\nswift run -c release swiftlint --path $SRCROOT --config \"${SRCROOT}/BuildTools/.swiftlint.yml\"\n\n# Run SwiftFormat in linting mode\nswift run -c release swiftformat --config \"${SRCROOT}/BuildTools/.swiftformat\" \"$SRCROOT\"\n";
		};
/* End PBXShellScriptBuildPhase section */

/* Begin PBXSourcesBuildPhase section */
		9E4511BB2401E6160000E7E0 /* Sources */ = {
			isa = PBXSourcesBuildPhase;
			buildActionMask = 2147483647;
			files = (
				9EE3E33B25FC64D70063BAFF /* CodableUserDefaultProperty.swift in Sources */,
				9E0CF34725FD98C000699170 /* NSSize+Extensions.swift in Sources */,
				9E4511E22402117F0000E7E0 /* UserDefaults+Extensions.swift in Sources */,
				9E4511C52401E6160000E7E0 /* PreferencesView.swift in Sources */,
				9E4511C32401E6160000E7E0 /* AppDelegate.swift in Sources */,
				9E0CF33F25FD8D9200699170 /* StatusBarController.swift in Sources */,
				9E41946F24037EF2003B5E87 /* PositionIndicatorView.swift in Sources */,
				9E4511DC2402026A0000E7E0 /* UserData.swift in Sources */,
				9E4511D92401F3960000E7E0 /* BrightnessSliderView.swift in Sources */,
				9E0CF34A25FD99D700699170 /* NSEventPublisher.swift in Sources */,
				9E0CF34425FD953600699170 /* NSImage+Library.swift in Sources */,
			);
			runOnlyForDeploymentPostprocessing = 0;
		};
/* End PBXSourcesBuildPhase section */

/* Begin PBXTargetDependency section */
		9EC148942403392600EBC6D2 /* PBXTargetDependency */ = {
			isa = PBXTargetDependency;
			productRef = 9EC148932403392600EBC6D2 /* mint */;
		};
/* End PBXTargetDependency section */

/* Begin PBXVariantGroup section */
		9E4511CB2401E61A0000E7E0 /* Main.storyboard */ = {
			isa = PBXVariantGroup;
			children = (
				9E4511CC2401E61A0000E7E0 /* Base */,
			);
			name = Main.storyboard;
			sourceTree = "<group>";
		};
/* End PBXVariantGroup section */

/* Begin XCBuildConfiguration section */
		9E4511D02401E61A0000E7E0 /* Debug */ = {
			isa = XCBuildConfiguration;
			buildSettings = {
				ALWAYS_SEARCH_USER_PATHS = NO;
				CLANG_ANALYZER_NONNULL = YES;
				CLANG_ANALYZER_NUMBER_OBJECT_CONVERSION = YES_AGGRESSIVE;
				CLANG_CXX_LANGUAGE_STANDARD = "gnu++14";
				CLANG_CXX_LIBRARY = "libc++";
				CLANG_ENABLE_MODULES = YES;
				CLANG_ENABLE_OBJC_ARC = YES;
				CLANG_ENABLE_OBJC_WEAK = YES;
				CLANG_WARN_BLOCK_CAPTURE_AUTORELEASING = YES;
				CLANG_WARN_BOOL_CONVERSION = YES;
				CLANG_WARN_COMMA = YES;
				CLANG_WARN_CONSTANT_CONVERSION = YES;
				CLANG_WARN_DEPRECATED_OBJC_IMPLEMENTATIONS = YES;
				CLANG_WARN_DIRECT_OBJC_ISA_USAGE = YES_ERROR;
				CLANG_WARN_DOCUMENTATION_COMMENTS = YES;
				CLANG_WARN_EMPTY_BODY = YES;
				CLANG_WARN_ENUM_CONVERSION = YES;
				CLANG_WARN_INFINITE_RECURSION = YES;
				CLANG_WARN_INT_CONVERSION = YES;
				CLANG_WARN_NON_LITERAL_NULL_CONVERSION = YES;
				CLANG_WARN_OBJC_IMPLICIT_RETAIN_SELF = YES;
				CLANG_WARN_OBJC_LITERAL_CONVERSION = YES;
				CLANG_WARN_OBJC_ROOT_CLASS = YES_ERROR;
				CLANG_WARN_QUOTED_INCLUDE_IN_FRAMEWORK_HEADER = YES;
				CLANG_WARN_RANGE_LOOP_ANALYSIS = YES;
				CLANG_WARN_STRICT_PROTOTYPES = YES;
				CLANG_WARN_SUSPICIOUS_MOVE = YES;
				CLANG_WARN_UNGUARDED_AVAILABILITY = YES_AGGRESSIVE;
				CLANG_WARN_UNREACHABLE_CODE = YES;
				CLANG_WARN__DUPLICATE_METHOD_MATCH = YES;
				COPY_PHASE_STRIP = NO;
				DEBUG_INFORMATION_FORMAT = dwarf;
				ENABLE_STRICT_OBJC_MSGSEND = YES;
				ENABLE_TESTABILITY = YES;
				GCC_C_LANGUAGE_STANDARD = gnu11;
				GCC_DYNAMIC_NO_PIC = NO;
				GCC_NO_COMMON_BLOCKS = YES;
				GCC_OPTIMIZATION_LEVEL = 0;
				GCC_PREPROCESSOR_DEFINITIONS = (
					"DEBUG=1",
					"$(inherited)",
				);
				GCC_WARN_64_TO_32_BIT_CONVERSION = YES;
				GCC_WARN_ABOUT_RETURN_TYPE = YES_ERROR;
				GCC_WARN_UNDECLARED_SELECTOR = YES;
				GCC_WARN_UNINITIALIZED_AUTOS = YES_AGGRESSIVE;
				GCC_WARN_UNUSED_FUNCTION = YES;
				GCC_WARN_UNUSED_VARIABLE = YES;
				MACOSX_DEPLOYMENT_TARGET = 10.15;
				MTL_ENABLE_DEBUG_INFO = INCLUDE_SOURCE;
				MTL_FAST_MATH = YES;
				ONLY_ACTIVE_ARCH = YES;
				SDKROOT = macosx;
				SWIFT_ACTIVE_COMPILATION_CONDITIONS = DEBUG;
				SWIFT_OPTIMIZATION_LEVEL = "-Onone";
			};
			name = Debug;
		};
		9E4511D12401E61A0000E7E0 /* Release */ = {
			isa = XCBuildConfiguration;
			buildSettings = {
				ALWAYS_SEARCH_USER_PATHS = NO;
				CLANG_ANALYZER_NONNULL = YES;
				CLANG_ANALYZER_NUMBER_OBJECT_CONVERSION = YES_AGGRESSIVE;
				CLANG_CXX_LANGUAGE_STANDARD = "gnu++14";
				CLANG_CXX_LIBRARY = "libc++";
				CLANG_ENABLE_MODULES = YES;
				CLANG_ENABLE_OBJC_ARC = YES;
				CLANG_ENABLE_OBJC_WEAK = YES;
				CLANG_WARN_BLOCK_CAPTURE_AUTORELEASING = YES;
				CLANG_WARN_BOOL_CONVERSION = YES;
				CLANG_WARN_COMMA = YES;
				CLANG_WARN_CONSTANT_CONVERSION = YES;
				CLANG_WARN_DEPRECATED_OBJC_IMPLEMENTATIONS = YES;
				CLANG_WARN_DIRECT_OBJC_ISA_USAGE = YES_ERROR;
				CLANG_WARN_DOCUMENTATION_COMMENTS = YES;
				CLANG_WARN_EMPTY_BODY = YES;
				CLANG_WARN_ENUM_CONVERSION = YES;
				CLANG_WARN_INFINITE_RECURSION = YES;
				CLANG_WARN_INT_CONVERSION = YES;
				CLANG_WARN_NON_LITERAL_NULL_CONVERSION = YES;
				CLANG_WARN_OBJC_IMPLICIT_RETAIN_SELF = YES;
				CLANG_WARN_OBJC_LITERAL_CONVERSION = YES;
				CLANG_WARN_OBJC_ROOT_CLASS = YES_ERROR;
				CLANG_WARN_QUOTED_INCLUDE_IN_FRAMEWORK_HEADER = YES;
				CLANG_WARN_RANGE_LOOP_ANALYSIS = YES;
				CLANG_WARN_STRICT_PROTOTYPES = YES;
				CLANG_WARN_SUSPICIOUS_MOVE = YES;
				CLANG_WARN_UNGUARDED_AVAILABILITY = YES_AGGRESSIVE;
				CLANG_WARN_UNREACHABLE_CODE = YES;
				CLANG_WARN__DUPLICATE_METHOD_MATCH = YES;
				COPY_PHASE_STRIP = NO;
				DEBUG_INFORMATION_FORMAT = "dwarf-with-dsym";
				ENABLE_NS_ASSERTIONS = NO;
				ENABLE_STRICT_OBJC_MSGSEND = YES;
				GCC_C_LANGUAGE_STANDARD = gnu11;
				GCC_NO_COMMON_BLOCKS = YES;
				GCC_WARN_64_TO_32_BIT_CONVERSION = YES;
				GCC_WARN_ABOUT_RETURN_TYPE = YES_ERROR;
				GCC_WARN_UNDECLARED_SELECTOR = YES;
				GCC_WARN_UNINITIALIZED_AUTOS = YES_AGGRESSIVE;
				GCC_WARN_UNUSED_FUNCTION = YES;
				GCC_WARN_UNUSED_VARIABLE = YES;
				MACOSX_DEPLOYMENT_TARGET = 10.15;
				MTL_ENABLE_DEBUG_INFO = NO;
				MTL_FAST_MATH = YES;
				SDKROOT = macosx;
				SWIFT_COMPILATION_MODE = wholemodule;
				SWIFT_OPTIMIZATION_LEVEL = "-O";
			};
			name = Release;
		};
		9E4511D32401E61A0000E7E0 /* Debug */ = {
			isa = XCBuildConfiguration;
			buildSettings = {
				ASSETCATALOG_COMPILER_APPICON_NAME = AppIcon;
				CODE_SIGN_ENTITLEMENTS = Transitions/Transitions.entitlements;
				CODE_SIGN_IDENTITY = "-";
				CODE_SIGN_STYLE = Automatic;
				COMBINE_HIDPI_IMAGES = YES;
				DEVELOPMENT_ASSET_PATHS = "Transitions/Preview\\ Content/Preview\\ Assets.xcassets";
				DEVELOPMENT_TEAM = MJGRJBXP25;
				ENABLE_HARDENED_RUNTIME = YES;
				ENABLE_PREVIEWS = YES;
				INFOPLIST_FILE = Transitions/Info.plist;
				LD_RUNPATH_SEARCH_PATHS = (
					"$(inherited)",
					"@executable_path/../Frameworks",
				);
				MACOSX_DEPLOYMENT_TARGET = 10.15;
				PRODUCT_BUNDLE_IDENTIFIER = dev.sebaswild.transitions;
				PRODUCT_NAME = "$(TARGET_NAME)";
				SWIFT_VERSION = 5.0;
			};
			name = Debug;
		};
		9E4511D42401E61A0000E7E0 /* Release */ = {
			isa = XCBuildConfiguration;
			buildSettings = {
				ASSETCATALOG_COMPILER_APPICON_NAME = AppIcon;
				CODE_SIGN_ENTITLEMENTS = Transitions/Transitions.entitlements;
				CODE_SIGN_IDENTITY = "-";
				CODE_SIGN_STYLE = Automatic;
				COMBINE_HIDPI_IMAGES = YES;
				DEVELOPMENT_ASSET_PATHS = "Transitions/Preview\\ Content/Preview\\ Assets.xcassets";
				DEVELOPMENT_TEAM = MJGRJBXP25;
				ENABLE_HARDENED_RUNTIME = YES;
				ENABLE_PREVIEWS = YES;
				INFOPLIST_FILE = Transitions/Info.plist;
				LD_RUNPATH_SEARCH_PATHS = (
					"$(inherited)",
					"@executable_path/../Frameworks",
				);
				MACOSX_DEPLOYMENT_TARGET = 10.15;
				PRODUCT_BUNDLE_IDENTIFIER = dev.sebaswild.transitions;
				PRODUCT_NAME = "$(TARGET_NAME)";
				SWIFT_VERSION = 5.0;
			};
			name = Release;
		};
/* End XCBuildConfiguration section */

/* Begin XCConfigurationList section */
		9E4511BA2401E6160000E7E0 /* Build configuration list for PBXProject "Transitions" */ = {
			isa = XCConfigurationList;
			buildConfigurations = (
				9E4511D02401E61A0000E7E0 /* Debug */,
				9E4511D12401E61A0000E7E0 /* Release */,
			);
			defaultConfigurationIsVisible = 0;
			defaultConfigurationName = Release;
		};
		9E4511D22401E61A0000E7E0 /* Build configuration list for PBXNativeTarget "Transitions" */ = {
			isa = XCConfigurationList;
			buildConfigurations = (
				9E4511D32401E61A0000E7E0 /* Debug */,
				9E4511D42401E61A0000E7E0 /* Release */,
			);
			defaultConfigurationIsVisible = 0;
			defaultConfigurationName = Release;
		};
/* End XCConfigurationList section */

/* Begin XCRemoteSwiftPackageReference section */
		9EC148922403391C00EBC6D2 /* XCRemoteSwiftPackageReference "Mint" */ = {
			isa = XCRemoteSwiftPackageReference;
			repositoryURL = "https://github.com/yonaskolb/Mint.git";
			requirement = {
				kind = upToNextMinorVersion;
				minimumVersion = 0.14.1;
			};
		};
/* End XCRemoteSwiftPackageReference section */

/* Begin XCSwiftPackageProductDependency section */
		9EC148932403392600EBC6D2 /* mint */ = {
			isa = XCSwiftPackageProductDependency;
			package = 9EC148922403391C00EBC6D2 /* XCRemoteSwiftPackageReference "Mint" */;
			productName = mint;
		};
/* End XCSwiftPackageProductDependency section */
	};
	rootObject = 9E4511B72401E6160000E7E0 /* Project object */;
}
